
Microsoft Visual Studio Solution File, Format Version 12.00
# Visual Studio Version 16
VisualStudioVersion = 16.0.29230.47
MinimumVisualStudioVersion = 10.0.40219.1
Project("{9A19103F-16F7-4668-BE54-9A1E7A4F7556}") = "herokutest", "herokutest.csproj", "{9BA375CC-5328-45EA-8D35-E310DE50F085}"
EndProject
Global
	GlobalSection(SolutionConfigurationPlatforms) = preSolution
		Debug|Any CPU = Debug|Any CPU
		Release|Any CPU = Release|Any CPU
	EndGlobalSection
	GlobalSection(ProjectConfigurationPlatforms) = postSolution
		{9BA375CC-5328-45EA-8D35-E310DE50F085}.Debug|Any CPU.ActiveCfg = Debug|Any CPU
		{9BA375CC-5328-45EA-8D35-E310DE50F085}.Debug|Any CPU.Build.0 = Debug|Any CPU
		{9BA375CC-5328-45EA-8D35-E310DE50F085}.Release|Any CPU.ActiveCfg = Release|Any CPU
		{9BA375CC-5328-45EA-8D35-E310DE50F085}.Release|Any CPU.Build.0 = Release|Any CPU
	EndGlobalSection
	GlobalSection(SolutionProperties) = preSolution
		HideSolutionNode = FALSE
	EndGlobalSection
	GlobalSection(ExtensibilityGlobals) = postSolution
		SolutionGuid = {7A033CA6-5F56-4285-8199-1A577F06DF44}
	EndGlobalSection
EndGlobal
